<?xml version="1.0" encoding="UTF-8" standalone="yes" ?>
<CodeBlocks_project_file>
	<FileVersion major="1" minor="6" />
	<Project>
		<Option title="CGFramework" />
		<Option pch_mode="2" />
		<Option compiler="gcc" />
		<Build>
			<Target title="Debug">
				<Option output="../../build/CGFramework" prefix_auto="1" extension_auto="1" />
				<Option working_dir="../../build/" />
				<Option object_output="../../build/obj/" />
				<Option type="1" />
				<Option compiler="gcc" />
				<Compiler>
					<Add option="-g" />
					<Add directory="../../dependencies/gloost/include" />
				</Compiler>
				<Linker>
					<Add library="libGL" />
					<Add library="libGLEW" />
					<Add library="libglut" />
					<Add library="libfreeimage" />
					<Add library="libgloost" />
					<Add directory="../../dependencies/gloost/lib" />
				</Linker>
				<ExtraCommands>
					<Add after="/bin/sh copyresources.sh" />
				</ExtraCommands>
			</Target>
			<Target title="Release">
				<Option output="bin/Release/CGFramework" prefix_auto="1" extension_auto="1" />
				<Option object_output="obj/Release/" />
				<Option type="1" />
				<Option compiler="gcc" />
				<Compiler>
					<Add option="-O2" />
				</Compiler>
				<Linker>
					<Add option="-s" />
				</Linker>
			</Target>
		</Build>
		<Compiler>
			<Add option="-Wall" />
			<Add option="-fexceptions" />
		</Compiler>
		<Unit filename="../../src/Shader.cpp" />
		<Unit filename="../../src/Shader.h" />
		<Unit filename="../../src/model_obj.cpp" />
		<Unit filename="../../src/model_obj.h" />
		<Unit filename="../../src/test.cpp" />
		<Extensions>
			<code_completion />
			<debugger />
		</Extensions>
	</Project>
</CodeBlocks_project_file>
